
Microsoft Visual Studio Solution File, Format Version 12.00
# Visual Studio Version 16
VisualStudioVersion = 16.0.29102.190
MinimumVisualStudioVersion = 10.0.40219.1
Project("{FAE04EC0-301F-11D3-BF4B-00C04F79EFBC}") = "RevitServerExport", "RevitServerExport.csproj", "{1E40DC65-D112-40FF-B986-D7C481A9841E}"
EndProject
Global
	GlobalSection(SolutionConfigurationPlatforms) = preSolution
		Debug|Any CPU = Debug|Any CPU
		Release|Any CPU = Release|Any CPU
	EndGlobalSection
	GlobalSection(ProjectConfigurationPlatforms) = postSolution
		{1E40DC65-D112-40FF-B986-D7C481A9841E}.Debug|Any CPU.ActiveCfg = Debug|Any CPU
		{1E40DC65-D112-40FF-B986-D7C481A9841E}.Debug|Any CPU.Build.0 = Debug|Any CPU
		{1E40DC65-D112-40FF-B986-D7C481A9841E}.Release|Any CPU.ActiveCfg = Release|Any CPU
		{1E40DC65-D112-40FF-B986-D7C481A9841E}.Release|Any CPU.Build.0 = Release|Any CPU
	EndGlobalSection
	GlobalSection(SolutionProperties) = preSolution
		HideSolutionNode = FALSE
	EndGlobalSection
	GlobalSection(ExtensibilityGlobals) = postSolution
		SolutionGuid = {39DDBE54-252B-4F47-8B03-DF3BF11531A6}
	EndGlobalSection
EndGlobal
